
Microsoft Visual Studio Solution File, Format Version 12.00
# Visual Studio Version 17
VisualStudioVersion = 17.3.32811.315
MinimumVisualStudioVersion = 10.0.40219.1
Project("{FAE04EC0-301F-11D3-BF4B-00C04F79EFBC}") = "WebApplication1", "WebApplication1.csproj", "{C87DFC4B-B776-41B7-9B17-D9F304B2A21C}"
EndProject
Global
	GlobalSection(SolutionConfigurationPlatforms) = preSolution
		Debug|Any CPU = Debug|Any CPU
		Release|Any CPU = Release|Any CPU
	EndGlobalSection
	GlobalSection(ProjectConfigurationPlatforms) = postSolution
		{C87DFC4B-B776-41B7-9B17-D9F304B2A21C}.Debug|Any CPU.ActiveCfg = Debug|Any CPU
		{C87DFC4B-B776-41B7-9B17-D9F304B2A21C}.Debug|Any CPU.Build.0 = Debug|Any CPU
		{C87DFC4B-B776-41B7-9B17-D9F304B2A21C}.Release|Any CPU.ActiveCfg = Release|Any CPU
		{C87DFC4B-B776-41B7-9B17-D9F304B2A21C}.Release|Any CPU.Build.0 = Release|Any CPU
	EndGlobalSection
	GlobalSection(SolutionProperties) = preSolution
		HideSolutionNode = FALSE
	EndGlobalSection
	GlobalSection(ExtensibilityGlobals) = postSolution
		SolutionGuid = {DC7E34CC-2D93-4ED7-B0D1-15D602AECCC0}
	EndGlobalSection
EndGlobal
